
Microsoft Visual Studio Solution File, Format Version 12.00
# Visual Studio 15
VisualStudioVersion = 15.0.28307.2092
MinimumVisualStudioVersion = 10.0.40219.1
Project("{8BC9CEB8-8B4A-11D0-8D11-00A0C91BC942}") = "C01_TP2", "C01_TP2\C01_TP2.vcxproj", "{B5FE3972-C9C0-4910-8390-2527965C74BB}"
EndProject
Global
	GlobalSection(SolutionConfigurationPlatforms) = preSolution
		Debug|x64 = Debug|x64
		Debug|x86 = Debug|x86
		Release|x64 = Release|x64
		Release|x86 = Release|x86
	EndGlobalSection
	GlobalSection(ProjectConfigurationPlatforms) = postSolution
		{B5FE3972-C9C0-4910-8390-2527965C74BB}.Debug|x64.ActiveCfg = Debug|x64
		{B5FE3972-C9C0-4910-8390-2527965C74BB}.Debug|x64.Build.0 = Debug|x64
		{B5FE3972-C9C0-4910-8390-2527965C74BB}.Debug|x86.ActiveCfg = Debug|Win32
		{B5FE3972-C9C0-4910-8390-2527965C74BB}.Debug|x86.Build.0 = Debug|Win32
		{B5FE3972-C9C0-4910-8390-2527965C74BB}.Release|x64.ActiveCfg = Release|x64
		{B5FE3972-C9C0-4910-8390-2527965C74BB}.Release|x64.Build.0 = Release|x64
		{B5FE3972-C9C0-4910-8390-2527965C74BB}.Release|x86.ActiveCfg = Release|Win32
		{B5FE3972-C9C0-4910-8390-2527965C74BB}.Release|x86.Build.0 = Release|Win32
	EndGlobalSection
	GlobalSection(SolutionProperties) = preSolution
		HideSolutionNode = FALSE
	EndGlobalSection
	GlobalSection(ExtensibilityGlobals) = postSolution
		SolutionGuid = {7E3122C8-3EC3-4E89-9C30-C9EA3F7C09E8}
	EndGlobalSection
EndGlobal
