
Microsoft Visual Studio Solution File, Format Version 12.00
# Visual Studio 15
VisualStudioVersion = 15.0.28307.2092
MinimumVisualStudioVersion = 10.0.40219.1
Project("{8BC9CEB8-8B4A-11D0-8D11-00A0C91BC942}") = "C04_TP1", "C04_TP1\C04_TP1.vcxproj", "{10807D3A-9BBA-4C30-8B6A-5D8778925BE6}"
EndProject
Global
	GlobalSection(SolutionConfigurationPlatforms) = preSolution
		Debug|x64 = Debug|x64
		Debug|x86 = Debug|x86
		Release|x64 = Release|x64
		Release|x86 = Release|x86
	EndGlobalSection
	GlobalSection(ProjectConfigurationPlatforms) = postSolution
		{10807D3A-9BBA-4C30-8B6A-5D8778925BE6}.Debug|x64.ActiveCfg = Debug|x64
		{10807D3A-9BBA-4C30-8B6A-5D8778925BE6}.Debug|x64.Build.0 = Debug|x64
		{10807D3A-9BBA-4C30-8B6A-5D8778925BE6}.Debug|x86.ActiveCfg = Debug|Win32
		{10807D3A-9BBA-4C30-8B6A-5D8778925BE6}.Debug|x86.Build.0 = Debug|Win32
		{10807D3A-9BBA-4C30-8B6A-5D8778925BE6}.Release|x64.ActiveCfg = Release|x64
		{10807D3A-9BBA-4C30-8B6A-5D8778925BE6}.Release|x64.Build.0 = Release|x64
		{10807D3A-9BBA-4C30-8B6A-5D8778925BE6}.Release|x86.ActiveCfg = Release|Win32
		{10807D3A-9BBA-4C30-8B6A-5D8778925BE6}.Release|x86.Build.0 = Release|Win32
	EndGlobalSection
	GlobalSection(SolutionProperties) = preSolution
		HideSolutionNode = FALSE
	EndGlobalSection
	GlobalSection(ExtensibilityGlobals) = postSolution
		SolutionGuid = {E92EE19B-596F-4966-ABA9-7133B01EA539}
	EndGlobalSection
EndGlobal
